// !$*UTF8*$!
{
	archiveVersion = 1;
	classes = {
	};
	objectVersion = 55;
	objects = {

/* Begin PBXBuildFile section */
		63E9138E27F421FB0026490A /* CryptoApp.swift in Sources */ = {isa = PBXBuildFile; fileRef = 63E9138D27F421FB0026490A /* CryptoApp.swift */; };
		63E9139527F421FC0026490A /* Preview Assets.xcassets in Resources */ = {isa = PBXBuildFile; fileRef = 63E9139427F421FC0026490A /* Preview Assets.xcassets */; };
		63E9139E27F425FB0026490A /* Assets.xcassets in Resources */ = {isa = PBXBuildFile; fileRef = 63E9139D27F425FB0026490A /* Assets.xcassets */; };
		63E913A127F427320026490A /* Color.swift in Sources */ = {isa = PBXBuildFile; fileRef = 63E913A027F427320026490A /* Color.swift */; };
		63E913A727F42D510026490A /* HomeView.swift in Sources */ = {isa = PBXBuildFile; fileRef = 63E913A627F42D510026490A /* HomeView.swift */; };
		63E913AB27F42EE40026490A /* CircleButtonView.swift in Sources */ = {isa = PBXBuildFile; fileRef = 63E913AA27F42EE40026490A /* CircleButtonView.swift */; };
		63E913AD27F434EA0026490A /* CircleButtonAnimationView.swift in Sources */ = {isa = PBXBuildFile; fileRef = 63E913AC27F434EA0026490A /* CircleButtonAnimationView.swift */; };
		63E913B027F43D390026490A /* Coin.swift in Sources */ = {isa = PBXBuildFile; fileRef = 63E913AF27F43D390026490A /* Coin.swift */; };
		63E913B427F45C260026490A /* CoinRowView.swift in Sources */ = {isa = PBXBuildFile; fileRef = 63E913B327F45C260026490A /* CoinRowView.swift */; };
		63E913B627F45C740026490A /* PreviewProvider.swift in Sources */ = {isa = PBXBuildFile; fileRef = 63E913B527F45C740026490A /* PreviewProvider.swift */; };
		63E913B827F4692A0026490A /* Double.swift in Sources */ = {isa = PBXBuildFile; fileRef = 63E913B727F4692A0026490A /* Double.swift */; };
		63EC460C27F574B2000FA1D3 /* HomeViewModel.swift in Sources */ = {isa = PBXBuildFile; fileRef = 63EC460B27F574B2000FA1D3 /* HomeViewModel.swift */; };
		63EC461027F58228000FA1D3 /* CoinDataService.swift in Sources */ = {isa = PBXBuildFile; fileRef = 63EC460F27F58228000FA1D3 /* CoinDataService.swift */; };
		63EC461327F5933B000FA1D3 /* NetworkingManager.swift in Sources */ = {isa = PBXBuildFile; fileRef = 63EC461227F5933B000FA1D3 /* NetworkingManager.swift */; };
		63EC461627F59DA6000FA1D3 /* CoinImageView.swift in Sources */ = {isa = PBXBuildFile; fileRef = 63EC461527F59DA6000FA1D3 /* CoinImageView.swift */; };
		63EC461827F5ABE7000FA1D3 /* CoinImageService.swift in Sources */ = {isa = PBXBuildFile; fileRef = 63EC461727F5ABE7000FA1D3 /* CoinImageService.swift */; };
		63EC461A27F5AD56000FA1D3 /* CoinImageViewModel.swift in Sources */ = {isa = PBXBuildFile; fileRef = 63EC461927F5AD56000FA1D3 /* CoinImageViewModel.swift */; };
/* End PBXBuildFile section */

/* Begin PBXFileReference section */
		63E9138A27F421FB0026490A /* Crypto.app */ = {isa = PBXFileReference; explicitFileType = wrapper.application; includeInIndex = 0; path = Crypto.app; sourceTree = BUILT_PRODUCTS_DIR; };
		63E9138D27F421FB0026490A /* CryptoApp.swift */ = {isa = PBXFileReference; lastKnownFileType = sourcecode.swift; path = CryptoApp.swift; sourceTree = "<group>"; };
		63E9139427F421FC0026490A /* Preview Assets.xcassets */ = {isa = PBXFileReference; lastKnownFileType = folder.assetcatalog; path = "Preview Assets.xcassets"; sourceTree = "<group>"; };
		63E9139D27F425FB0026490A /* Assets.xcassets */ = {isa = PBXFileReference; lastKnownFileType = folder.assetcatalog; path = Assets.xcassets; sourceTree = "<group>"; };
		63E913A027F427320026490A /* Color.swift */ = {isa = PBXFileReference; lastKnownFileType = sourcecode.swift; path = Color.swift; sourceTree = "<group>"; };
		63E913A627F42D510026490A /* HomeView.swift */ = {isa = PBXFileReference; lastKnownFileType = sourcecode.swift; path = HomeView.swift; sourceTree = "<group>"; };
		63E913AA27F42EE40026490A /* CircleButtonView.swift */ = {isa = PBXFileReference; lastKnownFileType = sourcecode.swift; path = CircleButtonView.swift; sourceTree = "<group>"; };
		63E913AC27F434EA0026490A /* CircleButtonAnimationView.swift */ = {isa = PBXFileReference; lastKnownFileType = sourcecode.swift; path = CircleButtonAnimationView.swift; sourceTree = "<group>"; };
		63E913AF27F43D390026490A /* Coin.swift */ = {isa = PBXFileReference; lastKnownFileType = sourcecode.swift; path = Coin.swift; sourceTree = "<group>"; };
		63E913B327F45C260026490A /* CoinRowView.swift */ = {isa = PBXFileReference; lastKnownFileType = sourcecode.swift; path = CoinRowView.swift; sourceTree = "<group>"; };
		63E913B527F45C740026490A /* PreviewProvider.swift */ = {isa = PBXFileReference; lastKnownFileType = sourcecode.swift; path = PreviewProvider.swift; sourceTree = "<group>"; };
		63E913B727F4692A0026490A /* Double.swift */ = {isa = PBXFileReference; lastKnownFileType = sourcecode.swift; path = Double.swift; sourceTree = "<group>"; };
		63EC460B27F574B2000FA1D3 /* HomeViewModel.swift */ = {isa = PBXFileReference; lastKnownFileType = sourcecode.swift; path = HomeViewModel.swift; sourceTree = "<group>"; };
		63EC460F27F58228000FA1D3 /* CoinDataService.swift */ = {isa = PBXFileReference; lastKnownFileType = sourcecode.swift; path = CoinDataService.swift; sourceTree = "<group>"; };
		63EC461227F5933B000FA1D3 /* NetworkingManager.swift */ = {isa = PBXFileReference; lastKnownFileType = sourcecode.swift; path = NetworkingManager.swift; sourceTree = "<group>"; };
		63EC461527F59DA6000FA1D3 /* CoinImageView.swift */ = {isa = PBXFileReference; lastKnownFileType = sourcecode.swift; path = CoinImageView.swift; sourceTree = "<group>"; };
		63EC461727F5ABE7000FA1D3 /* CoinImageService.swift */ = {isa = PBXFileReference; lastKnownFileType = sourcecode.swift; path = CoinImageService.swift; sourceTree = "<group>"; };
		63EC461927F5AD56000FA1D3 /* CoinImageViewModel.swift */ = {isa = PBXFileReference; lastKnownFileType = sourcecode.swift; path = CoinImageViewModel.swift; sourceTree = "<group>"; };
/* End PBXFileReference section */

/* Begin PBXFrameworksBuildPhase section */
		63E9138727F421FB0026490A /* Frameworks */ = {
			isa = PBXFrameworksBuildPhase;
			buildActionMask = 2147483647;
			files = (
			);
			runOnlyForDeploymentPostprocessing = 0;
		};
/* End PBXFrameworksBuildPhase section */

/* Begin PBXGroup section */
		63E9138127F421FB0026490A = {
			isa = PBXGroup;
			children = (
				63E9138C27F421FB0026490A /* Crypto */,
				63E9138B27F421FB0026490A /* Products */,
			);
			sourceTree = "<group>";
		};
		63E9138B27F421FB0026490A /* Products */ = {
			isa = PBXGroup;
			children = (
				63E9138A27F421FB0026490A /* Crypto.app */,
			);
			name = Products;
			sourceTree = "<group>";
		};
		63E9138C27F421FB0026490A /* Crypto */ = {
			isa = PBXGroup;
			children = (
				63EC461127F5931A000FA1D3 /* Utilities */,
				63E9138D27F421FB0026490A /* CryptoApp.swift */,
				63E913AE27F43D2A0026490A /* Models */,
				63E9139F27F4270C0026490A /* Extensions */,
				63E913A227F42B530026490A /* Core */,
				63EC460E27F58208000FA1D3 /* Services */,
				63E9139D27F425FB0026490A /* Assets.xcassets */,
				63E9139327F421FC0026490A /* Preview Content */,
			);
			path = Crypto;
			sourceTree = "<group>";
		};
		63E9139327F421FC0026490A /* Preview Content */ = {
			isa = PBXGroup;
			children = (
				63E9139427F421FC0026490A /* Preview Assets.xcassets */,
			);
			path = "Preview Content";
			sourceTree = "<group>";
		};
		63E9139F27F4270C0026490A /* Extensions */ = {
			isa = PBXGroup;
			children = (
				63E913A027F427320026490A /* Color.swift */,
				63E913B527F45C740026490A /* PreviewProvider.swift */,
				63E913B727F4692A0026490A /* Double.swift */,
			);
			path = Extensions;
			sourceTree = "<group>";
		};
		63E913A227F42B530026490A /* Core */ = {
			isa = PBXGroup;
			children = (
				63E913A827F42EB20026490A /* ViewComponents */,
				63E913A327F42D1A0026490A /* Home */,
			);
			path = Core;
			sourceTree = "<group>";
		};
		63E913A327F42D1A0026490A /* Home */ = {
			isa = PBXGroup;
			children = (
				63E913A527F42D320026490A /* ViewModels */,
				63E913A427F42D230026490A /* Views */,
			);
			path = Home;
			sourceTree = "<group>";
		};
		63E913A427F42D230026490A /* Views */ = {
			isa = PBXGroup;
			children = (
				63E913A627F42D510026490A /* HomeView.swift */,
				63E913B327F45C260026490A /* CoinRowView.swift */,
			);
			path = Views;
			sourceTree = "<group>";
		};
		63E913A527F42D320026490A /* ViewModels */ = {
			isa = PBXGroup;
			children = (
				63EC460B27F574B2000FA1D3 /* HomeViewModel.swift */,
			);
			path = ViewModels;
			sourceTree = "<group>";
		};
		63E913A827F42EB20026490A /* ViewComponents */ = {
			isa = PBXGroup;
			children = (
				63EC461427F59D94000FA1D3 /* CoinImage */,
				63E913A927F42EC70026490A /* CircleButton */,
			);
			path = ViewComponents;
			sourceTree = "<group>";
		};
		63E913A927F42EC70026490A /* CircleButton */ = {
			isa = PBXGroup;
			children = (
				63E913AA27F42EE40026490A /* CircleButtonView.swift */,
				63E913AC27F434EA0026490A /* CircleButtonAnimationView.swift */,
			);
			path = CircleButton;
			sourceTree = "<group>";
		};
		63E913AE27F43D2A0026490A /* Models */ = {
			isa = PBXGroup;
			children = (
				63E913AF27F43D390026490A /* Coin.swift */,
			);
			path = Models;
			sourceTree = "<group>";
		};
		63EC460E27F58208000FA1D3 /* Services */ = {
			isa = PBXGroup;
			children = (
				63EC460F27F58228000FA1D3 /* CoinDataService.swift */,
				63EC461727F5ABE7000FA1D3 /* CoinImageService.swift */,
			);
			path = Services;
			sourceTree = "<group>";
		};
		63EC461127F5931A000FA1D3 /* Utilities */ = {
			isa = PBXGroup;
			children = (
				63EC461227F5933B000FA1D3 /* NetworkingManager.swift */,
			);
			path = Utilities;
			sourceTree = "<group>";
		};
		63EC461427F59D94000FA1D3 /* CoinImage */ = {
			isa = PBXGroup;
			children = (
				63EC461527F59DA6000FA1D3 /* CoinImageView.swift */,
				63EC461927F5AD56000FA1D3 /* CoinImageViewModel.swift */,
			);
			path = CoinImage;
			sourceTree = "<group>";
		};
/* End PBXGroup section */

/* Begin PBXNativeTarget section */
		63E9138927F421FB0026490A /* Crypto */ = {
			isa = PBXNativeTarget;
			buildConfigurationList = 63E9139827F421FC0026490A /* Build configuration list for PBXNativeTarget "Crypto" */;
			buildPhases = (
				63E9138627F421FB0026490A /* Sources */,
				63E9138727F421FB0026490A /* Frameworks */,
				63E9138827F421FB0026490A /* Resources */,
			);
			buildRules = (
			);
			dependencies = (
			);
			name = Crypto;
			productName = Crypto;
			productReference = 63E9138A27F421FB0026490A /* Crypto.app */;
			productType = "com.apple.product-type.application";
		};
/* End PBXNativeTarget section */

/* Begin PBXProject section */
		63E9138227F421FB0026490A /* Project object */ = {
			isa = PBXProject;
			attributes = {
				BuildIndependentTargetsInParallel = 1;
				LastSwiftUpdateCheck = 1330;
				LastUpgradeCheck = 1330;
				TargetAttributes = {
					63E9138927F421FB0026490A = {
						CreatedOnToolsVersion = 13.3;
					};
				};
			};
			buildConfigurationList = 63E9138527F421FB0026490A /* Build configuration list for PBXProject "Crypto" */;
			compatibilityVersion = "Xcode 13.0";
			developmentRegion = en;
			hasScannedForEncodings = 0;
			knownRegions = (
				en,
				Base,
			);
			mainGroup = 63E9138127F421FB0026490A;
			productRefGroup = 63E9138B27F421FB0026490A /* Products */;
			projectDirPath = "";
			projectRoot = "";
			targets = (
				63E9138927F421FB0026490A /* Crypto */,
			);
		};
/* End PBXProject section */

/* Begin PBXResourcesBuildPhase section */
		63E9138827F421FB0026490A /* Resources */ = {
			isa = PBXResourcesBuildPhase;
			buildActionMask = 2147483647;
			files = (
				63E9139E27F425FB0026490A /* Assets.xcassets in Resources */,
				63E9139527F421FC0026490A /* Preview Assets.xcassets in Resources */,
			);
			runOnlyForDeploymentPostprocessing = 0;
		};
/* End PBXResourcesBuildPhase section */

/* Begin PBXSourcesBuildPhase section */
		63E9138627F421FB0026490A /* Sources */ = {
			isa = PBXSourcesBuildPhase;
			buildActionMask = 2147483647;
			files = (
				63EC461A27F5AD56000FA1D3 /* CoinImageViewModel.swift in Sources */,
				63EC461627F59DA6000FA1D3 /* CoinImageView.swift in Sources */,
				63E913B427F45C260026490A /* CoinRowView.swift in Sources */,
				63EC460C27F574B2000FA1D3 /* HomeViewModel.swift in Sources */,
				63E913A727F42D510026490A /* HomeView.swift in Sources */,
				63E9138E27F421FB0026490A /* CryptoApp.swift in Sources */,
				63E913AB27F42EE40026490A /* CircleButtonView.swift in Sources */,
				63E913A127F427320026490A /* Color.swift in Sources */,
				63E913AD27F434EA0026490A /* CircleButtonAnimationView.swift in Sources */,
				63E913B627F45C740026490A /* PreviewProvider.swift in Sources */,
				63E913B827F4692A0026490A /* Double.swift in Sources */,
				63EC461327F5933B000FA1D3 /* NetworkingManager.swift in Sources */,
				63E913B027F43D390026490A /* Coin.swift in Sources */,
				63EC461827F5ABE7000FA1D3 /* CoinImageService.swift in Sources */,
				63EC461027F58228000FA1D3 /* CoinDataService.swift in Sources */,
			);
			runOnlyForDeploymentPostprocessing = 0;
		};
/* End PBXSourcesBuildPhase section */

/* Begin XCBuildConfiguration section */
		63E9139627F421FC0026490A /* Debug */ = {
			isa = XCBuildConfiguration;
			buildSettings = {
				ALWAYS_SEARCH_USER_PATHS = NO;
				CLANG_ANALYZER_NONNULL = YES;
				CLANG_ANALYZER_NUMBER_OBJECT_CONVERSION = YES_AGGRESSIVE;
				CLANG_CXX_LANGUAGE_STANDARD = "gnu++17";
				CLANG_ENABLE_MODULES = YES;
				CLANG_ENABLE_OBJC_ARC = YES;
				CLANG_ENABLE_OBJC_WEAK = YES;
				CLANG_WARN_BLOCK_CAPTURE_AUTORELEASING = YES;
				CLANG_WARN_BOOL_CONVERSION = YES;
				CLANG_WARN_COMMA = YES;
				CLANG_WARN_CONSTANT_CONVERSION = YES;
				CLANG_WARN_DEPRECATED_OBJC_IMPLEMENTATIONS = YES;
				CLANG_WARN_DIRECT_OBJC_ISA_USAGE = YES_ERROR;
				CLANG_WARN_DOCUMENTATION_COMMENTS = YES;
				CLANG_WARN_EMPTY_BODY = YES;
				CLANG_WARN_ENUM_CONVERSION = YES;
				CLANG_WARN_INFINITE_RECURSION = YES;
				CLANG_WARN_INT_CONVERSION = YES;
				CLANG_WARN_NON_LITERAL_NULL_CONVERSION = YES;
				CLANG_WARN_OBJC_IMPLICIT_RETAIN_SELF = YES;
				CLANG_WARN_OBJC_LITERAL_CONVERSION = YES;
				CLANG_WARN_OBJC_ROOT_CLASS = YES_ERROR;
				CLANG_WARN_QUOTED_INCLUDE_IN_FRAMEWORK_HEADER = YES;
				CLANG_WARN_RANGE_LOOP_ANALYSIS = YES;
				CLANG_WARN_STRICT_PROTOTYPES = YES;
				CLANG_WARN_SUSPICIOUS_MOVE = YES;
				CLANG_WARN_UNGUARDED_AVAILABILITY = YES_AGGRESSIVE;
				CLANG_WARN_UNREACHABLE_CODE = YES;
				CLANG_WARN__DUPLICATE_METHOD_MATCH = YES;
				COPY_PHASE_STRIP = NO;
				DEBUG_INFORMATION_FORMAT = dwarf;
				ENABLE_STRICT_OBJC_MSGSEND = YES;
				ENABLE_TESTABILITY = YES;
				GCC_C_LANGUAGE_STANDARD = gnu11;
				GCC_DYNAMIC_NO_PIC = NO;
				GCC_NO_COMMON_BLOCKS = YES;
				GCC_OPTIMIZATION_LEVEL = 0;
				GCC_PREPROCESSOR_DEFINITIONS = (
					"DEBUG=1",
					"$(inherited)",
				);
				GCC_WARN_64_TO_32_BIT_CONVERSION = YES;
				GCC_WARN_ABOUT_RETURN_TYPE = YES_ERROR;
				GCC_WARN_UNDECLARED_SELECTOR = YES;
				GCC_WARN_UNINITIALIZED_AUTOS = YES_AGGRESSIVE;
				GCC_WARN_UNUSED_FUNCTION = YES;
				GCC_WARN_UNUSED_VARIABLE = YES;
				IPHONEOS_DEPLOYMENT_TARGET = 15.4;
				MTL_ENABLE_DEBUG_INFO = INCLUDE_SOURCE;
				MTL_FAST_MATH = YES;
				ONLY_ACTIVE_ARCH = YES;
				SDKROOT = iphoneos;
				SWIFT_ACTIVE_COMPILATION_CONDITIONS = DEBUG;
				SWIFT_OPTIMIZATION_LEVEL = "-Onone";
			};
			name = Debug;
		};
		63E9139727F421FC0026490A /* Release */ = {
			isa = XCBuildConfiguration;
			buildSettings = {
				ALWAYS_SEARCH_USER_PATHS = NO;
				CLANG_ANALYZER_NONNULL = YES;
				CLANG_ANALYZER_NUMBER_OBJECT_CONVERSION = YES_AGGRESSIVE;
				CLANG_CXX_LANGUAGE_STANDARD = "gnu++17";
				CLANG_ENABLE_MODULES = YES;
				CLANG_ENABLE_OBJC_ARC = YES;
				CLANG_ENABLE_OBJC_WEAK = YES;
				CLANG_WARN_BLOCK_CAPTURE_AUTORELEASING = YES;
				CLANG_WARN_BOOL_CONVERSION = YES;
				CLANG_WARN_COMMA = YES;
				CLANG_WARN_CONSTANT_CONVERSION = YES;
				CLANG_WARN_DEPRECATED_OBJC_IMPLEMENTATIONS = YES;
				CLANG_WARN_DIRECT_OBJC_ISA_USAGE = YES_ERROR;
				CLANG_WARN_DOCUMENTATION_COMMENTS = YES;
				CLANG_WARN_EMPTY_BODY = YES;
				CLANG_WARN_ENUM_CONVERSION = YES;
				CLANG_WARN_INFINITE_RECURSION = YES;
				CLANG_WARN_INT_CONVERSION = YES;
				CLANG_WARN_NON_LITERAL_NULL_CONVERSION = YES;
				CLANG_WARN_OBJC_IMPLICIT_RETAIN_SELF = YES;
				CLANG_WARN_OBJC_LITERAL_CONVERSION = YES;
				CLANG_WARN_OBJC_ROOT_CLASS = YES_ERROR;
				CLANG_WARN_QUOTED_INCLUDE_IN_FRAMEWORK_HEADER = YES;
				CLANG_WARN_RANGE_LOOP_ANALYSIS = YES;
				CLANG_WARN_STRICT_PROTOTYPES = YES;
				CLANG_WARN_SUSPICIOUS_MOVE = YES;
				CLANG_WARN_UNGUARDED_AVAILABILITY = YES_AGGRESSIVE;
				CLANG_WARN_UNREACHABLE_CODE = YES;
				CLANG_WARN__DUPLICATE_METHOD_MATCH = YES;
				COPY_PHASE_STRIP = NO;
				DEBUG_INFORMATION_FORMAT = "dwarf-with-dsym";
				ENABLE_NS_ASSERTIONS = NO;
				ENABLE_STRICT_OBJC_MSGSEND = YES;
				GCC_C_LANGUAGE_STANDARD = gnu11;
				GCC_NO_COMMON_BLOCKS = YES;
				GCC_WARN_64_TO_32_BIT_CONVERSION = YES;
				GCC_WARN_ABOUT_RETURN_TYPE = YES_ERROR;
				GCC_WARN_UNDECLARED_SELECTOR = YES;
				GCC_WARN_UNINITIALIZED_AUTOS = YES_AGGRESSIVE;
				GCC_WARN_UNUSED_FUNCTION = YES;
				GCC_WARN_UNUSED_VARIABLE = YES;
				IPHONEOS_DEPLOYMENT_TARGET = 15.4;
				MTL_ENABLE_DEBUG_INFO = NO;
				MTL_FAST_MATH = YES;
				SDKROOT = iphoneos;
				SWIFT_COMPILATION_MODE = wholemodule;
				SWIFT_OPTIMIZATION_LEVEL = "-O";
				VALIDATE_PRODUCT = YES;
			};
			name = Release;
		};
		63E9139927F421FC0026490A /* Debug */ = {
			isa = XCBuildConfiguration;
			buildSettings = {
				ASSETCATALOG_COMPILER_APPICON_NAME = AppIcon;
				ASSETCATALOG_COMPILER_GLOBAL_ACCENT_COLOR_NAME = AccentColor;
				CODE_SIGN_STYLE = Automatic;
				CURRENT_PROJECT_VERSION = 1;
				DEVELOPMENT_ASSET_PATHS = "\"Crypto/Preview Content\"";
				DEVELOPMENT_TEAM = 2N4AYKSSJN;
				ENABLE_PREVIEWS = YES;
				GENERATE_INFOPLIST_FILE = YES;
				INFOPLIST_KEY_UIApplicationSceneManifest_Generation = YES;
				INFOPLIST_KEY_UIApplicationSupportsIndirectInputEvents = YES;
				INFOPLIST_KEY_UILaunchScreen_Generation = YES;
				INFOPLIST_KEY_UISupportedInterfaceOrientations = UIInterfaceOrientationPortrait;
				INFOPLIST_KEY_UISupportedInterfaceOrientations_iPad = "UIInterfaceOrientationPortrait UIInterfaceOrientationPortraitUpsideDown UIInterfaceOrientationLandscapeLeft UIInterfaceOrientationLandscapeRight";
				INFOPLIST_KEY_UISupportedInterfaceOrientations_iPhone = "UIInterfaceOrientationPortrait UIInterfaceOrientationLandscapeLeft UIInterfaceOrientationLandscapeRight";
				LD_RUNPATH_SEARCH_PATHS = (
					"$(inherited)",
					"@executable_path/Frameworks",
				);
				MARKETING_VERSION = 1.0;
				PRODUCT_BUNDLE_IDENTIFIER = com.crishnakorukanti.Crypto;
				PRODUCT_NAME = "$(TARGET_NAME)";
				SWIFT_EMIT_LOC_STRINGS = YES;
				SWIFT_VERSION = 5.0;
				TARGETED_DEVICE_FAMILY = "1,2";
			};
			name = Debug;
		};
		63E9139A27F421FC0026490A /* Release */ = {
			isa = XCBuildConfiguration;
			buildSettings = {
				ASSETCATALOG_COMPILER_APPICON_NAME = AppIcon;
				ASSETCATALOG_COMPILER_GLOBAL_ACCENT_COLOR_NAME = AccentColor;
				CODE_SIGN_STYLE = Automatic;
				CURRENT_PROJECT_VERSION = 1;
				DEVELOPMENT_ASSET_PATHS = "\"Crypto/Preview Content\"";
				DEVELOPMENT_TEAM = 2N4AYKSSJN;
				ENABLE_PREVIEWS = YES;
				GENERATE_INFOPLIST_FILE = YES;
				INFOPLIST_KEY_UIApplicationSceneManifest_Generation = YES;
				INFOPLIST_KEY_UIApplicationSupportsIndirectInputEvents = YES;
				INFOPLIST_KEY_UILaunchScreen_Generation = YES;
				INFOPLIST_KEY_UISupportedInterfaceOrientations = UIInterfaceOrientationPortrait;
				INFOPLIST_KEY_UISupportedInterfaceOrientations_iPad = "UIInterfaceOrientationPortrait UIInterfaceOrientationPortraitUpsideDown UIInterfaceOrientationLandscapeLeft UIInterfaceOrientationLandscapeRight";
				INFOPLIST_KEY_UISupportedInterfaceOrientations_iPhone = "UIInterfaceOrientationPortrait UIInterfaceOrientationLandscapeLeft UIInterfaceOrientationLandscapeRight";
				LD_RUNPATH_SEARCH_PATHS = (
					"$(inherited)",
					"@executable_path/Frameworks",
				);
				MARKETING_VERSION = 1.0;
				PRODUCT_BUNDLE_IDENTIFIER = com.crishnakorukanti.Crypto;
				PRODUCT_NAME = "$(TARGET_NAME)";
				SWIFT_EMIT_LOC_STRINGS = YES;
				SWIFT_VERSION = 5.0;
				TARGETED_DEVICE_FAMILY = "1,2";
			};
			name = Release;
		};
/* End XCBuildConfiguration section */

/* Begin XCConfigurationList section */
		63E9138527F421FB0026490A /* Build configuration list for PBXProject "Crypto" */ = {
			isa = XCConfigurationList;
			buildConfigurations = (
				63E9139627F421FC0026490A /* Debug */,
				63E9139727F421FC0026490A /* Release */,
			);
			defaultConfigurationIsVisible = 0;
			defaultConfigurationName = Release;
		};
		63E9139827F421FC0026490A /* Build configuration list for PBXNativeTarget "Crypto" */ = {
			isa = XCConfigurationList;
			buildConfigurations = (
				63E9139927F421FC0026490A /* Debug */,
				63E9139A27F421FC0026490A /* Release */,
			);
			defaultConfigurationIsVisible = 0;
			defaultConfigurationName = Release;
		};
/* End XCConfigurationList section */
	};
	rootObject = 63E9138227F421FB0026490A /* Project object */;
}
